
Microsoft Visual Studio Solution File, Format Version 12.00
# Visual Studio Version 17
VisualStudioVersion = 17.4.33213.308
MinimumVisualStudioVersion = 10.0.40219.1
Project("{FAE04EC0-301F-11D3-BF4B-00C04F79EFBC}") = "HansBrandonBitboardEngine", "HansBrandonBitboardEngine\HansBrandonBitboardEngine.csproj", "{C52486DA-4C3F-4431-A99C-9C9191D47F51}"
EndProject
Project("{FAE04EC0-301F-11D3-BF4B-00C04F79EFBC}") = "HansBrandonBitboardEngineTest", "HansBrandonBitboardEngineTest\HansBrandonBitboardEngineTest.csproj", "{7A82BF65-6EC7-4334-995A-75DD6586B629}"
EndProject
Project("{FAE04EC0-301F-11D3-BF4B-00C04F79EFBC}") = "HansBrandonChessEngine", "HansBrandonChessEngine\HansBrandonChessEngine.csproj", "{64C19389-904B-4C0B-8DFB-8A907931C056}"
EndProject
Project("{FAE04EC0-301F-11D3-BF4B-00C04F79EFBC}") = "HansBrandonChessEngineTest", "HansBrandonChessEngineTest\HansBrandonChessEngineTest.csproj", "{941A9D2F-91FE-41C6-BECA-42D70AD34AFA}"
EndProject
Project("{FAE04EC0-301F-11D3-BF4B-00C04F79EFBC}") = "HansBrandonUCI", "HansBrandonUCI\HansBrandonUCI.csproj", "{708592F0-37DD-4872-8838-0B559F26D4A1}"
EndProject
Project("{FAE04EC0-301F-11D3-BF4B-00C04F79EFBC}") = "HBCommon", "HBCommon\HBCommon.csproj", "{A16F618C-7E58-4D1A-9864-989AFFBA87EE}"
EndProject
Project("{FAE04EC0-301F-11D3-BF4B-00C04F79EFBC}") = "HBCommonTest", "HBCommonTest\HBCommonTest.csproj", "{A559F438-282F-4769-B295-2CEFA266D3A6}"
EndProject
Project("{FAE04EC0-301F-11D3-BF4B-00C04F79EFBC}") = "HBConsole", "HBConsole\HBConsole.csproj", "{69D7E467-BCD5-4247-A69C-604EE94786D7}"
EndProject
Project("{FAE04EC0-301F-11D3-BF4B-00C04F79EFBC}") = "PerformanceMeter", "PerformanceMeter\PerformanceMeter.csproj", "{C9070427-C3C3-4274-9997-4DE71BAE9CFA}"
EndProject
Global
	GlobalSection(SolutionConfigurationPlatforms) = preSolution
		Debug|Any CPU = Debug|Any CPU
		Release|Any CPU = Release|Any CPU
	EndGlobalSection
	GlobalSection(ProjectConfigurationPlatforms) = postSolution
		{C52486DA-4C3F-4431-A99C-9C9191D47F51}.Debug|Any CPU.ActiveCfg = Debug|Any CPU
		{C52486DA-4C3F-4431-A99C-9C9191D47F51}.Debug|Any CPU.Build.0 = Debug|Any CPU
		{C52486DA-4C3F-4431-A99C-9C9191D47F51}.Release|Any CPU.ActiveCfg = Release|Any CPU
		{C52486DA-4C3F-4431-A99C-9C9191D47F51}.Release|Any CPU.Build.0 = Release|Any CPU
		{7A82BF65-6EC7-4334-995A-75DD6586B629}.Debug|Any CPU.ActiveCfg = Debug|Any CPU
		{7A82BF65-6EC7-4334-995A-75DD6586B629}.Debug|Any CPU.Build.0 = Debug|Any CPU
		{7A82BF65-6EC7-4334-995A-75DD6586B629}.Release|Any CPU.ActiveCfg = Release|Any CPU
		{7A82BF65-6EC7-4334-995A-75DD6586B629}.Release|Any CPU.Build.0 = Release|Any CPU
		{64C19389-904B-4C0B-8DFB-8A907931C056}.Debug|Any CPU.ActiveCfg = Debug|Any CPU
		{64C19389-904B-4C0B-8DFB-8A907931C056}.Debug|Any CPU.Build.0 = Debug|Any CPU
		{64C19389-904B-4C0B-8DFB-8A907931C056}.Release|Any CPU.ActiveCfg = Release|Any CPU
		{64C19389-904B-4C0B-8DFB-8A907931C056}.Release|Any CPU.Build.0 = Release|Any CPU
		{941A9D2F-91FE-41C6-BECA-42D70AD34AFA}.Debug|Any CPU.ActiveCfg = Debug|Any CPU
		{941A9D2F-91FE-41C6-BECA-42D70AD34AFA}.Debug|Any CPU.Build.0 = Debug|Any CPU
		{941A9D2F-91FE-41C6-BECA-42D70AD34AFA}.Release|Any CPU.ActiveCfg = Release|Any CPU
		{941A9D2F-91FE-41C6-BECA-42D70AD34AFA}.Release|Any CPU.Build.0 = Release|Any CPU
		{708592F0-37DD-4872-8838-0B559F26D4A1}.Debug|Any CPU.ActiveCfg = Debug|Any CPU
		{708592F0-37DD-4872-8838-0B559F26D4A1}.Debug|Any CPU.Build.0 = Debug|Any CPU
		{708592F0-37DD-4872-8838-0B559F26D4A1}.Release|Any CPU.ActiveCfg = Release|Any CPU
		{708592F0-37DD-4872-8838-0B559F26D4A1}.Release|Any CPU.Build.0 = Release|Any CPU
		{A16F618C-7E58-4D1A-9864-989AFFBA87EE}.Debug|Any CPU.ActiveCfg = Debug|Any CPU
		{A16F618C-7E58-4D1A-9864-989AFFBA87EE}.Debug|Any CPU.Build.0 = Debug|Any CPU
		{A16F618C-7E58-4D1A-9864-989AFFBA87EE}.Release|Any CPU.ActiveCfg = Release|Any CPU
		{A16F618C-7E58-4D1A-9864-989AFFBA87EE}.Release|Any CPU.Build.0 = Release|Any CPU
		{A559F438-282F-4769-B295-2CEFA266D3A6}.Debug|Any CPU.ActiveCfg = Debug|Any CPU
		{A559F438-282F-4769-B295-2CEFA266D3A6}.Debug|Any CPU.Build.0 = Debug|Any CPU
		{A559F438-282F-4769-B295-2CEFA266D3A6}.Release|Any CPU.ActiveCfg = Release|Any CPU
		{A559F438-282F-4769-B295-2CEFA266D3A6}.Release|Any CPU.Build.0 = Release|Any CPU
		{69D7E467-BCD5-4247-A69C-604EE94786D7}.Debug|Any CPU.ActiveCfg = Debug|Any CPU
		{69D7E467-BCD5-4247-A69C-604EE94786D7}.Debug|Any CPU.Build.0 = Debug|Any CPU
		{69D7E467-BCD5-4247-A69C-604EE94786D7}.Release|Any CPU.ActiveCfg = Release|Any CPU
		{69D7E467-BCD5-4247-A69C-604EE94786D7}.Release|Any CPU.Build.0 = Release|Any CPU
		{C9070427-C3C3-4274-9997-4DE71BAE9CFA}.Debug|Any CPU.ActiveCfg = Debug|Any CPU
		{C9070427-C3C3-4274-9997-4DE71BAE9CFA}.Debug|Any CPU.Build.0 = Debug|Any CPU
		{C9070427-C3C3-4274-9997-4DE71BAE9CFA}.Release|Any CPU.ActiveCfg = Release|Any CPU
		{C9070427-C3C3-4274-9997-4DE71BAE9CFA}.Release|Any CPU.Build.0 = Release|Any CPU
	EndGlobalSection
	GlobalSection(SolutionProperties) = preSolution
		HideSolutionNode = FALSE
	EndGlobalSection
	GlobalSection(ExtensibilityGlobals) = postSolution
		SolutionGuid = {608B903F-72CB-45DB-A8F6-194BC9A84DBC}
	EndGlobalSection
EndGlobal
